{
  "name": "auth_easy",
  "version": "1.0.0",
  "lockfileVersion": 3,
  "requires": true,
  "packages": {
    "": {
      "name": "auth_easy",
      "version": "1.0.0",
      "license": "ISC",
      "dependencies": {
        "@types/minimalistic-assert": "^1.0.3",
        "minimalistic-assert": "^1.0.1"
      }
    },
    "node_modules/@types/minimalistic-assert": {
      "version": "1.0.3",
      "resolved": "https://registry.npmjs.org/@types/minimalistic-assert/-/minimalistic-assert-1.0.3.tgz",
      "integrity": "sha512-Ku87cam4YxiXcEpeUemo+vO8QWGQ7U2CwEEcLcYFhxG8b4CK8gWxSX/oWjePWKwqPaWWxxVqXAdAjGdlJtVzDA=="
    },
    "node_modules/minimalistic-assert": {
      "version": "1.0.1",
      "resolved": "https://registry.npmjs.org/minimalistic-assert/-/minimalistic-assert-1.0.1.tgz",
      "integrity": "sha512-UtJcAD4yEaGtjPezWuO9wC4nwUnVH/8/Im3yEHQP4b67cXlD/Qr9hdITCU1xDbSEXg2XKNaP8jsReV7vQd00/A=="
    }
  }
}
